
Microsoft Visual Studio Solution File, Format Version 12.00
# Visual Studio Version 17
VisualStudioVersion = 17.13.35825.156
MinimumVisualStudioVersion = 10.0.40219.1
Project("{FAE04EC0-301F-11D3-BF4B-00C04F79EFBC}") = "LibraryUI", "LibraryUI\LibraryUI.csproj", "{F9E9802E-5746-4E85-B452-2F5B5B87650C}"
EndProject
Project("{FAE04EC0-301F-11D3-BF4B-00C04F79EFBC}") = "LibraryData", "LibraryData\LibraryData.csproj", "{EAD85516-9A93-4F4A-9FBF-547BD1D01F3B}"
EndProject
Project("{FAE04EC0-301F-11D3-BF4B-00C04F79EFBC}") = "LibraryModel", "LibraryModel\LibraryModel.csproj", "{2013766A-7C23-439E-97F4-EC3EBF6723BE}"
EndProject
Global
	GlobalSection(SolutionConfigurationPlatforms) = preSolution
		Debug|Any CPU = Debug|Any CPU
		Release|Any CPU = Release|Any CPU
	EndGlobalSection
	GlobalSection(ProjectConfigurationPlatforms) = postSolution
		{F9E9802E-5746-4E85-B452-2F5B5B87650C}.Debug|Any CPU.ActiveCfg = Debug|Any CPU
		{F9E9802E-5746-4E85-B452-2F5B5B87650C}.Debug|Any CPU.Build.0 = Debug|Any CPU
		{F9E9802E-5746-4E85-B452-2F5B5B87650C}.Release|Any CPU.ActiveCfg = Release|Any CPU
		{F9E9802E-5746-4E85-B452-2F5B5B87650C}.Release|Any CPU.Build.0 = Release|Any CPU
		{EAD85516-9A93-4F4A-9FBF-547BD1D01F3B}.Debug|Any CPU.ActiveCfg = Debug|Any CPU
		{EAD85516-9A93-4F4A-9FBF-547BD1D01F3B}.Debug|Any CPU.Build.0 = Debug|Any CPU
		{EAD85516-9A93-4F4A-9FBF-547BD1D01F3B}.Release|Any CPU.ActiveCfg = Release|Any CPU
		{EAD85516-9A93-4F4A-9FBF-547BD1D01F3B}.Release|Any CPU.Build.0 = Release|Any CPU
		{2013766A-7C23-439E-97F4-EC3EBF6723BE}.Debug|Any CPU.ActiveCfg = Debug|Any CPU
		{2013766A-7C23-439E-97F4-EC3EBF6723BE}.Debug|Any CPU.Build.0 = Debug|Any CPU
		{2013766A-7C23-439E-97F4-EC3EBF6723BE}.Release|Any CPU.ActiveCfg = Release|Any CPU
		{2013766A-7C23-439E-97F4-EC3EBF6723BE}.Release|Any CPU.Build.0 = Release|Any CPU
	EndGlobalSection
	GlobalSection(SolutionProperties) = preSolution
		HideSolutionNode = FALSE
	EndGlobalSection
	GlobalSection(ExtensibilityGlobals) = postSolution
		SolutionGuid = {EA65AD88-1AC2-4685-A493-DD27505755C4}
	EndGlobalSection
EndGlobal
